
Microsoft Visual Studio Solution File, Format Version 12.00
# Visual Studio Version 17
VisualStudioVersion = 17.5.33627.172
MinimumVisualStudioVersion = 10.0.40219.1
Project("{FAE04EC0-301F-11D3-BF4B-00C04F79EFBC}") = "LoginLiThuyetWPF", "LoginLiThuyetWPF.csproj", "{CD248EA9-1541-446C-8A09-3EA8826B0C65}"
EndProject
Project("{2150E333-8FDC-42A3-9474-1A3956D46DE8}") = "Solution Items", "Solution Items", "{950384C3-A33F-478B-B830-5080523B2E5D}"
	ProjectSection(SolutionItems) = preProject
		Data.db = Data.db
	EndProjectSection
EndProject
Global
	GlobalSection(SolutionConfigurationPlatforms) = preSolution
		Debug|Any CPU = Debug|Any CPU
		Release|Any CPU = Release|Any CPU
	EndGlobalSection
	GlobalSection(ProjectConfigurationPlatforms) = postSolution
		{CD248EA9-1541-446C-8A09-3EA8826B0C65}.Debug|Any CPU.ActiveCfg = Debug|Any CPU
		{CD248EA9-1541-446C-8A09-3EA8826B0C65}.Debug|Any CPU.Build.0 = Debug|Any CPU
		{CD248EA9-1541-446C-8A09-3EA8826B0C65}.Release|Any CPU.ActiveCfg = Release|Any CPU
		{CD248EA9-1541-446C-8A09-3EA8826B0C65}.Release|Any CPU.Build.0 = Release|Any CPU
	EndGlobalSection
	GlobalSection(SolutionProperties) = preSolution
		HideSolutionNode = FALSE
	EndGlobalSection
	GlobalSection(ExtensibilityGlobals) = postSolution
		SolutionGuid = {6515D427-E635-497A-B58F-A81AEB9F533A}
	EndGlobalSection
EndGlobal
